// !$*UTF8*$!
{
	archiveVersion = 1;
	classes = {
	};
	objectVersion = 50;
	objects = {

/* Begin PBXBuildFile section */
		831052122103E19600387A24 /* GroceryItem.swift in Sources */ = {isa = PBXBuildFile; fileRef = 831052112103E19600387A24 /* GroceryItem.swift */; };
		831052142103E1BE00387A24 /* GroceryRecord.swift in Sources */ = {isa = PBXBuildFile; fileRef = 831052132103E1BE00387A24 /* GroceryRecord.swift */; };
		831052172104E39F00387A24 /* GroceryRecords.swift in Sources */ = {isa = PBXBuildFile; fileRef = 831052162104E39F00387A24 /* GroceryRecords.swift */; };
		831052192104E41800387A24 /* Observable.swift in Sources */ = {isa = PBXBuildFile; fileRef = 831052182104E41800387A24 /* Observable.swift */; };
		8310521B2104F80F00387A24 /* GroceryListItem.swift in Sources */ = {isa = PBXBuildFile; fileRef = 8310521A2104F80F00387A24 /* GroceryListItem.swift */; };
		8310521D2104FB9700387A24 /* GroceryList.swift in Sources */ = {isa = PBXBuildFile; fileRef = 8310521C2104FB9700387A24 /* GroceryList.swift */; };
		8310521F2104FF3D00387A24 /* GroceryListItems.swift in Sources */ = {isa = PBXBuildFile; fileRef = 8310521E2104FF3D00387A24 /* GroceryListItems.swift */; };
		831052212104FF8D00387A24 /* GroceryItems.swift in Sources */ = {isa = PBXBuildFile; fileRef = 831052202104FF8D00387A24 /* GroceryItems.swift */; };
		831052232104FFEB00387A24 /* GroceryLists.swift in Sources */ = {isa = PBXBuildFile; fileRef = 831052222104FFEB00387A24 /* GroceryLists.swift */; };
		8361D0912103DBA1002BCAC9 /* AppDelegate.swift in Sources */ = {isa = PBXBuildFile; fileRef = 8361D0902103DBA1002BCAC9 /* AppDelegate.swift */; };
		8361D0932103DBA1002BCAC9 /* ViewController.swift in Sources */ = {isa = PBXBuildFile; fileRef = 8361D0922103DBA1002BCAC9 /* ViewController.swift */; };
		8361D0962103DBA1002BCAC9 /* Main.storyboard in Resources */ = {isa = PBXBuildFile; fileRef = 8361D0942103DBA1002BCAC9 /* Main.storyboard */; };
		8361D0982103DBA2002BCAC9 /* Assets.xcassets in Resources */ = {isa = PBXBuildFile; fileRef = 8361D0972103DBA2002BCAC9 /* Assets.xcassets */; };
		8361D09B2103DBA2002BCAC9 /* LaunchScreen.storyboard in Resources */ = {isa = PBXBuildFile; fileRef = 8361D0992103DBA2002BCAC9 /* LaunchScreen.storyboard */; };
		8361D0A32103DBC5002BCAC9 /* GoogleService-Info.plist in Resources */ = {isa = PBXBuildFile; fileRef = 8361D0A22103DBC5002BCAC9 /* GoogleService-Info.plist */; };
		A7CA05BC57EBCAD3CC6711C7 /* Pods_Grocery.framework in Frameworks */ = {isa = PBXBuildFile; fileRef = 6076B0FA9E0A29248871D5F8 /* Pods_Grocery.framework */; };
/* End PBXBuildFile section */

/* Begin PBXFileReference section */
		1A3E74FBD4DFD7D97E62EFBA /* Pods-Grocery.debug.xcconfig */ = {isa = PBXFileReference; includeInIndex = 1; lastKnownFileType = text.xcconfig; name = "Pods-Grocery.debug.xcconfig"; path = "Pods/Target Support Files/Pods-Grocery/Pods-Grocery.debug.xcconfig"; sourceTree = "<group>"; };
		6076B0FA9E0A29248871D5F8 /* Pods_Grocery.framework */ = {isa = PBXFileReference; explicitFileType = wrapper.framework; includeInIndex = 0; path = Pods_Grocery.framework; sourceTree = BUILT_PRODUCTS_DIR; };
		831052112103E19600387A24 /* GroceryItem.swift */ = {isa = PBXFileReference; lastKnownFileType = sourcecode.swift; path = GroceryItem.swift; sourceTree = "<group>"; };
		831052132103E1BE00387A24 /* GroceryRecord.swift */ = {isa = PBXFileReference; lastKnownFileType = sourcecode.swift; path = GroceryRecord.swift; sourceTree = "<group>"; };
		831052162104E39F00387A24 /* GroceryRecords.swift */ = {isa = PBXFileReference; lastKnownFileType = sourcecode.swift; path = GroceryRecords.swift; sourceTree = "<group>"; };
		831052182104E41800387A24 /* Observable.swift */ = {isa = PBXFileReference; lastKnownFileType = sourcecode.swift; path = Observable.swift; sourceTree = "<group>"; };
		8310521A2104F80F00387A24 /* GroceryListItem.swift */ = {isa = PBXFileReference; lastKnownFileType = sourcecode.swift; path = GroceryListItem.swift; sourceTree = "<group>"; };
		8310521C2104FB9700387A24 /* GroceryList.swift */ = {isa = PBXFileReference; lastKnownFileType = sourcecode.swift; path = GroceryList.swift; sourceTree = "<group>"; };
		8310521E2104FF3D00387A24 /* GroceryListItems.swift */ = {isa = PBXFileReference; lastKnownFileType = sourcecode.swift; path = GroceryListItems.swift; sourceTree = "<group>"; };
		831052202104FF8D00387A24 /* GroceryItems.swift */ = {isa = PBXFileReference; lastKnownFileType = sourcecode.swift; path = GroceryItems.swift; sourceTree = "<group>"; };
		831052222104FFEB00387A24 /* GroceryLists.swift */ = {isa = PBXFileReference; lastKnownFileType = sourcecode.swift; path = GroceryLists.swift; sourceTree = "<group>"; };
		8361D08D2103DBA1002BCAC9 /* Grocery.app */ = {isa = PBXFileReference; explicitFileType = wrapper.application; includeInIndex = 0; path = Grocery.app; sourceTree = BUILT_PRODUCTS_DIR; };
		8361D0902103DBA1002BCAC9 /* AppDelegate.swift */ = {isa = PBXFileReference; lastKnownFileType = sourcecode.swift; path = AppDelegate.swift; sourceTree = "<group>"; };
		8361D0922103DBA1002BCAC9 /* ViewController.swift */ = {isa = PBXFileReference; lastKnownFileType = sourcecode.swift; path = ViewController.swift; sourceTree = "<group>"; };
		8361D0952103DBA1002BCAC9 /* Base */ = {isa = PBXFileReference; lastKnownFileType = file.storyboard; name = Base; path = Base.lproj/Main.storyboard; sourceTree = "<group>"; };
		8361D0972103DBA2002BCAC9 /* Assets.xcassets */ = {isa = PBXFileReference; lastKnownFileType = folder.assetcatalog; path = Assets.xcassets; sourceTree = "<group>"; };
		8361D09A2103DBA2002BCAC9 /* Base */ = {isa = PBXFileReference; lastKnownFileType = file.storyboard; name = Base; path = Base.lproj/LaunchScreen.storyboard; sourceTree = "<group>"; };
		8361D09C2103DBA2002BCAC9 /* Info.plist */ = {isa = PBXFileReference; lastKnownFileType = text.plist.xml; path = Info.plist; sourceTree = "<group>"; };
		8361D0A22103DBC5002BCAC9 /* GoogleService-Info.plist */ = {isa = PBXFileReference; fileEncoding = 4; lastKnownFileType = text.plist.xml; path = "GoogleService-Info.plist"; sourceTree = "<group>"; };
		949F74057C58D3AC59BA03A7 /* Pods-Grocery.release.xcconfig */ = {isa = PBXFileReference; includeInIndex = 1; lastKnownFileType = text.xcconfig; name = "Pods-Grocery.release.xcconfig"; path = "Pods/Target Support Files/Pods-Grocery/Pods-Grocery.release.xcconfig"; sourceTree = "<group>"; };
/* End PBXFileReference section */

/* Begin PBXFrameworksBuildPhase section */
		8361D08A2103DBA1002BCAC9 /* Frameworks */ = {
			isa = PBXFrameworksBuildPhase;
			buildActionMask = 2147483647;
			files = (
				A7CA05BC57EBCAD3CC6711C7 /* Pods_Grocery.framework in Frameworks */,
			);
			runOnlyForDeploymentPostprocessing = 0;
		};
/* End PBXFrameworksBuildPhase section */

/* Begin PBXGroup section */
		58805572CA8C0E0A9B85D96D /* Frameworks */ = {
			isa = PBXGroup;
			children = (
				6076B0FA9E0A29248871D5F8 /* Pods_Grocery.framework */,
			);
			name = Frameworks;
			sourceTree = "<group>";
		};
		831052102103E17300387A24 /* DataModels */ = {
			isa = PBXGroup;
			children = (
				831052112103E19600387A24 /* GroceryItem.swift */,
				8310521A2104F80F00387A24 /* GroceryListItem.swift */,
				8310521C2104FB9700387A24 /* GroceryList.swift */,
				831052132103E1BE00387A24 /* GroceryRecord.swift */,
			);
			path = DataModels;
			sourceTree = "<group>";
		};
		831052152104E38300387A24 /* DataControllers */ = {
			isa = PBXGroup;
			children = (
				831052162104E39F00387A24 /* GroceryRecords.swift */,
				8310521E2104FF3D00387A24 /* GroceryListItems.swift */,
				831052202104FF8D00387A24 /* GroceryItems.swift */,
				831052222104FFEB00387A24 /* GroceryLists.swift */,
				831052182104E41800387A24 /* Observable.swift */,
			);
			path = DataControllers;
			sourceTree = "<group>";
		};
		8361D0842103DBA1002BCAC9 = {
			isa = PBXGroup;
			children = (
				8361D08F2103DBA1002BCAC9 /* Grocery */,
				8361D08E2103DBA1002BCAC9 /* Products */,
				9DE9481E33F8BBE11CCE135A /* Pods */,
				58805572CA8C0E0A9B85D96D /* Frameworks */,
			);
			sourceTree = "<group>";
		};
		8361D08E2103DBA1002BCAC9 /* Products */ = {
			isa = PBXGroup;
			children = (
				8361D08D2103DBA1002BCAC9 /* Grocery.app */,
			);
			name = Products;
			sourceTree = "<group>";
		};
		8361D08F2103DBA1002BCAC9 /* Grocery */ = {
			isa = PBXGroup;
			children = (
				831052152104E38300387A24 /* DataControllers */,
				831052102103E17300387A24 /* DataModels */,
				8361D0902103DBA1002BCAC9 /* AppDelegate.swift */,
				8361D0922103DBA1002BCAC9 /* ViewController.swift */,
				8361D0942103DBA1002BCAC9 /* Main.storyboard */,
				8361D0972103DBA2002BCAC9 /* Assets.xcassets */,
				8361D0992103DBA2002BCAC9 /* LaunchScreen.storyboard */,
				8361D09C2103DBA2002BCAC9 /* Info.plist */,
				8361D0A22103DBC5002BCAC9 /* GoogleService-Info.plist */,
			);
			path = Grocery;
			sourceTree = "<group>";
		};
		9DE9481E33F8BBE11CCE135A /* Pods */ = {
			isa = PBXGroup;
			children = (
				1A3E74FBD4DFD7D97E62EFBA /* Pods-Grocery.debug.xcconfig */,
				949F74057C58D3AC59BA03A7 /* Pods-Grocery.release.xcconfig */,
			);
			name = Pods;
			sourceTree = "<group>";
		};
/* End PBXGroup section */

/* Begin PBXNativeTarget section */
		8361D08C2103DBA1002BCAC9 /* Grocery */ = {
			isa = PBXNativeTarget;
			buildConfigurationList = 8361D09F2103DBA2002BCAC9 /* Build configuration list for PBXNativeTarget "Grocery" */;
			buildPhases = (
				02329A6036B22B5A05F5E837 /* [CP] Check Pods Manifest.lock */,
				8361D0892103DBA1002BCAC9 /* Sources */,
				8361D08A2103DBA1002BCAC9 /* Frameworks */,
				8361D08B2103DBA1002BCAC9 /* Resources */,
				D1E39BD5395557ADE344C25C /* [CP] Embed Pods Frameworks */,
			);
			buildRules = (
			);
			dependencies = (
			);
			name = Grocery;
			productName = Grocery;
			productReference = 8361D08D2103DBA1002BCAC9 /* Grocery.app */;
			productType = "com.apple.product-type.application";
		};
/* End PBXNativeTarget section */

/* Begin PBXProject section */
		8361D0852103DBA1002BCAC9 /* Project object */ = {
			isa = PBXProject;
			attributes = {
				LastSwiftUpdateCheck = 1000;
				LastUpgradeCheck = 1000;
				ORGANIZATIONNAME = "Mike Kari Anderson";
				TargetAttributes = {
					8361D08C2103DBA1002BCAC9 = {
						CreatedOnToolsVersion = 10.0;
					};
				};
			};
			buildConfigurationList = 8361D0882103DBA1002BCAC9 /* Build configuration list for PBXProject "Grocery" */;
			compatibilityVersion = "Xcode 9.3";
			developmentRegion = en;
			hasScannedForEncodings = 0;
			knownRegions = (
				en,
				Base,
			);
			mainGroup = 8361D0842103DBA1002BCAC9;
			productRefGroup = 8361D08E2103DBA1002BCAC9 /* Products */;
			projectDirPath = "";
			projectRoot = "";
			targets = (
				8361D08C2103DBA1002BCAC9 /* Grocery */,
			);
		};
/* End PBXProject section */

/* Begin PBXResourcesBuildPhase section */
		8361D08B2103DBA1002BCAC9 /* Resources */ = {
			isa = PBXResourcesBuildPhase;
			buildActionMask = 2147483647;
			files = (
				8361D09B2103DBA2002BCAC9 /* LaunchScreen.storyboard in Resources */,
				8361D0A32103DBC5002BCAC9 /* GoogleService-Info.plist in Resources */,
				8361D0982103DBA2002BCAC9 /* Assets.xcassets in Resources */,
				8361D0962103DBA1002BCAC9 /* Main.storyboard in Resources */,
			);
			runOnlyForDeploymentPostprocessing = 0;
		};
/* End PBXResourcesBuildPhase section */

/* Begin PBXShellScriptBuildPhase section */
		02329A6036B22B5A05F5E837 /* [CP] Check Pods Manifest.lock */ = {
			isa = PBXShellScriptBuildPhase;
			buildActionMask = 2147483647;
			files = (
			);
			inputPaths = (
				"${PODS_PODFILE_DIR_PATH}/Podfile.lock",
				"${PODS_ROOT}/Manifest.lock",
			);
			name = "[CP] Check Pods Manifest.lock";
			outputPaths = (
				"$(DERIVED_FILE_DIR)/Pods-Grocery-checkManifestLockResult.txt",
			);
			runOnlyForDeploymentPostprocessing = 0;
			shellPath = /bin/sh;
			shellScript = "diff \"${PODS_PODFILE_DIR_PATH}/Podfile.lock\" \"${PODS_ROOT}/Manifest.lock\" > /dev/null\nif [ $? != 0 ] ; then\n    # print error to STDERR\n    echo \"error: The sandbox is not in sync with the Podfile.lock. Run 'pod install' or update your CocoaPods installation.\" >&2\n    exit 1\nfi\n# This output is used by Xcode 'outputs' to avoid re-running this script phase.\necho \"SUCCESS\" > \"${SCRIPT_OUTPUT_FILE_0}\"\n";
			showEnvVarsInLog = 0;
		};
		D1E39BD5395557ADE344C25C /* [CP] Embed Pods Frameworks */ = {
			isa = PBXShellScriptBuildPhase;
			buildActionMask = 2147483647;
			files = (
			);
			inputPaths = (
				"${SRCROOT}/Pods/Target Support Files/Pods-Grocery/Pods-Grocery-frameworks.sh",
				"${BUILT_PRODUCTS_DIR}/GTMSessionFetcher/GTMSessionFetcher.framework",
				"${BUILT_PRODUCTS_DIR}/GoogleToolboxForMac/GoogleToolboxForMac.framework",
				"${BUILT_PRODUCTS_DIR}/leveldb-library/leveldb.framework",
				"${BUILT_PRODUCTS_DIR}/nanopb/nanopb.framework",
			);
			name = "[CP] Embed Pods Frameworks";
			outputPaths = (
				"${TARGET_BUILD_DIR}/${FRAMEWORKS_FOLDER_PATH}/GTMSessionFetcher.framework",
				"${TARGET_BUILD_DIR}/${FRAMEWORKS_FOLDER_PATH}/GoogleToolboxForMac.framework",
				"${TARGET_BUILD_DIR}/${FRAMEWORKS_FOLDER_PATH}/leveldb.framework",
				"${TARGET_BUILD_DIR}/${FRAMEWORKS_FOLDER_PATH}/nanopb.framework",
			);
			runOnlyForDeploymentPostprocessing = 0;
			shellPath = /bin/sh;
			shellScript = "\"${SRCROOT}/Pods/Target Support Files/Pods-Grocery/Pods-Grocery-frameworks.sh\"\n";
			showEnvVarsInLog = 0;
		};
/* End PBXShellScriptBuildPhase section */

/* Begin PBXSourcesBuildPhase section */
		8361D0892103DBA1002BCAC9 /* Sources */ = {
			isa = PBXSourcesBuildPhase;
			buildActionMask = 2147483647;
			files = (
				831052232104FFEB00387A24 /* GroceryLists.swift in Sources */,
				8310521F2104FF3D00387A24 /* GroceryListItems.swift in Sources */,
				831052142103E1BE00387A24 /* GroceryRecord.swift in Sources */,
				831052212104FF8D00387A24 /* GroceryItems.swift in Sources */,
				8361D0932103DBA1002BCAC9 /* ViewController.swift in Sources */,
				831052122103E19600387A24 /* GroceryItem.swift in Sources */,
				8310521D2104FB9700387A24 /* GroceryList.swift in Sources */,
				831052172104E39F00387A24 /* GroceryRecords.swift in Sources */,
				8310521B2104F80F00387A24 /* GroceryListItem.swift in Sources */,
				831052192104E41800387A24 /* Observable.swift in Sources */,
				8361D0912103DBA1002BCAC9 /* AppDelegate.swift in Sources */,
			);
			runOnlyForDeploymentPostprocessing = 0;
		};
/* End PBXSourcesBuildPhase section */

/* Begin PBXVariantGroup section */
		8361D0942103DBA1002BCAC9 /* Main.storyboard */ = {
			isa = PBXVariantGroup;
			children = (
				8361D0952103DBA1002BCAC9 /* Base */,
			);
			name = Main.storyboard;
			sourceTree = "<group>";
		};
		8361D0992103DBA2002BCAC9 /* LaunchScreen.storyboard */ = {
			isa = PBXVariantGroup;
			children = (
				8361D09A2103DBA2002BCAC9 /* Base */,
			);
			name = LaunchScreen.storyboard;
			sourceTree = "<group>";
		};
/* End PBXVariantGroup section */

/* Begin XCBuildConfiguration section */
		8361D09D2103DBA2002BCAC9 /* Debug */ = {
			isa = XCBuildConfiguration;
			buildSettings = {
				ALWAYS_SEARCH_USER_PATHS = NO;
				CLANG_ANALYZER_NONNULL = YES;
				CLANG_ANALYZER_NUMBER_OBJECT_CONVERSION = YES_AGGRESSIVE;
				CLANG_CXX_LANGUAGE_STANDARD = "gnu++14";
				CLANG_CXX_LIBRARY = "libc++";
				CLANG_ENABLE_MODULES = YES;
				CLANG_ENABLE_OBJC_ARC = YES;
				CLANG_ENABLE_OBJC_WEAK = YES;
				CLANG_WARN_BLOCK_CAPTURE_AUTORELEASING = YES;
				CLANG_WARN_BOOL_CONVERSION = YES;
				CLANG_WARN_COMMA = YES;
				CLANG_WARN_CONSTANT_CONVERSION = YES;
				CLANG_WARN_DEPRECATED_OBJC_IMPLEMENTATIONS = YES;
				CLANG_WARN_DIRECT_OBJC_ISA_USAGE = YES_ERROR;
				CLANG_WARN_DOCUMENTATION_COMMENTS = YES;
				CLANG_WARN_EMPTY_BODY = YES;
				CLANG_WARN_ENUM_CONVERSION = YES;
				CLANG_WARN_INFINITE_RECURSION = YES;
				CLANG_WARN_INT_CONVERSION = YES;
				CLANG_WARN_NON_LITERAL_NULL_CONVERSION = YES;
				CLANG_WARN_OBJC_IMPLICIT_RETAIN_SELF = YES;
				CLANG_WARN_OBJC_LITERAL_CONVERSION = YES;
				CLANG_WARN_OBJC_ROOT_CLASS = YES_ERROR;
				CLANG_WARN_RANGE_LOOP_ANALYSIS = YES;
				CLANG_WARN_STRICT_PROTOTYPES = YES;
				CLANG_WARN_SUSPICIOUS_MOVE = YES;
				CLANG_WARN_UNGUARDED_AVAILABILITY = YES_AGGRESSIVE;
				CLANG_WARN_UNREACHABLE_CODE = YES;
				CLANG_WARN__DUPLICATE_METHOD_MATCH = YES;
				CODE_SIGN_IDENTITY = "iPhone Developer";
				COPY_PHASE_STRIP = NO;
				DEBUG_INFORMATION_FORMAT = dwarf;
				ENABLE_STRICT_OBJC_MSGSEND = YES;
				ENABLE_TESTABILITY = YES;
				GCC_C_LANGUAGE_STANDARD = gnu11;
				GCC_DYNAMIC_NO_PIC = NO;
				GCC_NO_COMMON_BLOCKS = YES;
				GCC_OPTIMIZATION_LEVEL = 0;
				GCC_PREPROCESSOR_DEFINITIONS = (
					"DEBUG=1",
					"$(inherited)",
				);
				GCC_WARN_64_TO_32_BIT_CONVERSION = YES;
				GCC_WARN_ABOUT_RETURN_TYPE = YES_ERROR;
				GCC_WARN_UNDECLARED_SELECTOR = YES;
				GCC_WARN_UNINITIALIZED_AUTOS = YES_AGGRESSIVE;
				GCC_WARN_UNUSED_FUNCTION = YES;
				GCC_WARN_UNUSED_VARIABLE = YES;
				IPHONEOS_DEPLOYMENT_TARGET = 11.4;
				MTL_ENABLE_DEBUG_INFO = INCLUDE_SOURCE;
				ONLY_ACTIVE_ARCH = YES;
				SDKROOT = iphoneos;
				SWIFT_ACTIVE_COMPILATION_CONDITIONS = DEBUG;
				SWIFT_OPTIMIZATION_LEVEL = "-Onone";
			};
			name = Debug;
		};
		8361D09E2103DBA2002BCAC9 /* Release */ = {
			isa = XCBuildConfiguration;
			buildSettings = {
				ALWAYS_SEARCH_USER_PATHS = NO;
				CLANG_ANALYZER_NONNULL = YES;
				CLANG_ANALYZER_NUMBER_OBJECT_CONVERSION = YES_AGGRESSIVE;
				CLANG_CXX_LANGUAGE_STANDARD = "gnu++14";
				CLANG_CXX_LIBRARY = "libc++";
				CLANG_ENABLE_MODULES = YES;
				CLANG_ENABLE_OBJC_ARC = YES;
				CLANG_ENABLE_OBJC_WEAK = YES;
				CLANG_WARN_BLOCK_CAPTURE_AUTORELEASING = YES;
				CLANG_WARN_BOOL_CONVERSION = YES;
				CLANG_WARN_COMMA = YES;
				CLANG_WARN_CONSTANT_CONVERSION = YES;
				CLANG_WARN_DEPRECATED_OBJC_IMPLEMENTATIONS = YES;
				CLANG_WARN_DIRECT_OBJC_ISA_USAGE = YES_ERROR;
				CLANG_WARN_DOCUMENTATION_COMMENTS = YES;
				CLANG_WARN_EMPTY_BODY = YES;
				CLANG_WARN_ENUM_CONVERSION = YES;
				CLANG_WARN_INFINITE_RECURSION = YES;
				CLANG_WARN_INT_CONVERSION = YES;
				CLANG_WARN_NON_LITERAL_NULL_CONVERSION = YES;
				CLANG_WARN_OBJC_IMPLICIT_RETAIN_SELF = YES;
				CLANG_WARN_OBJC_LITERAL_CONVERSION = YES;
				CLANG_WARN_OBJC_ROOT_CLASS = YES_ERROR;
				CLANG_WARN_RANGE_LOOP_ANALYSIS = YES;
				CLANG_WARN_STRICT_PROTOTYPES = YES;
				CLANG_WARN_SUSPICIOUS_MOVE = YES;
				CLANG_WARN_UNGUARDED_AVAILABILITY = YES_AGGRESSIVE;
				CLANG_WARN_UNREACHABLE_CODE = YES;
				CLANG_WARN__DUPLICATE_METHOD_MATCH = YES;
				CODE_SIGN_IDENTITY = "iPhone Developer";
				COPY_PHASE_STRIP = NO;
				DEBUG_INFORMATION_FORMAT = "dwarf-with-dsym";
				ENABLE_NS_ASSERTIONS = NO;
				ENABLE_STRICT_OBJC_MSGSEND = YES;
				GCC_C_LANGUAGE_STANDARD = gnu11;
				GCC_NO_COMMON_BLOCKS = YES;
				GCC_WARN_64_TO_32_BIT_CONVERSION = YES;
				GCC_WARN_ABOUT_RETURN_TYPE = YES_ERROR;
				GCC_WARN_UNDECLARED_SELECTOR = YES;
				GCC_WARN_UNINITIALIZED_AUTOS = YES_AGGRESSIVE;
				GCC_WARN_UNUSED_FUNCTION = YES;
				GCC_WARN_UNUSED_VARIABLE = YES;
				IPHONEOS_DEPLOYMENT_TARGET = 11.4;
				MTL_ENABLE_DEBUG_INFO = NO;
				SDKROOT = iphoneos;
				SWIFT_COMPILATION_MODE = wholemodule;
				SWIFT_OPTIMIZATION_LEVEL = "-O";
				VALIDATE_PRODUCT = YES;
			};
			name = Release;
		};
		8361D0A02103DBA2002BCAC9 /* Debug */ = {
			isa = XCBuildConfiguration;
			baseConfigurationReference = 1A3E74FBD4DFD7D97E62EFBA /* Pods-Grocery.debug.xcconfig */;
			buildSettings = {
				ASSETCATALOG_COMPILER_APPICON_NAME = AppIcon;
				CODE_SIGN_STYLE = Automatic;
				DEVELOPMENT_TEAM = 22V9VQK8R2;
				INFOPLIST_FILE = Grocery/Info.plist;
				IPHONEOS_DEPLOYMENT_TARGET = 11.4;
				LD_RUNPATH_SEARCH_PATHS = (
					"$(inherited)",
					"@executable_path/Frameworks",
				);
				PRODUCT_BUNDLE_IDENTIFIER = "org.anderson-clan.Grocery";
				PRODUCT_NAME = "$(TARGET_NAME)";
				SWIFT_VERSION = 4.2;
				TARGETED_DEVICE_FAMILY = "1,2";
			};
			name = Debug;
		};
		8361D0A12103DBA2002BCAC9 /* Release */ = {
			isa = XCBuildConfiguration;
			baseConfigurationReference = 949F74057C58D3AC59BA03A7 /* Pods-Grocery.release.xcconfig */;
			buildSettings = {
				ASSETCATALOG_COMPILER_APPICON_NAME = AppIcon;
				CODE_SIGN_STYLE = Automatic;
				DEVELOPMENT_TEAM = 22V9VQK8R2;
				INFOPLIST_FILE = Grocery/Info.plist;
				IPHONEOS_DEPLOYMENT_TARGET = 11.4;
				LD_RUNPATH_SEARCH_PATHS = (
					"$(inherited)",
					"@executable_path/Frameworks",
				);
				PRODUCT_BUNDLE_IDENTIFIER = "org.anderson-clan.Grocery";
				PRODUCT_NAME = "$(TARGET_NAME)";
				SWIFT_VERSION = 4.2;
				TARGETED_DEVICE_FAMILY = "1,2";
			};
			name = Release;
		};
/* End XCBuildConfiguration section */

/* Begin XCConfigurationList section */
		8361D0882103DBA1002BCAC9 /* Build configuration list for PBXProject "Grocery" */ = {
			isa = XCConfigurationList;
			buildConfigurations = (
				8361D09D2103DBA2002BCAC9 /* Debug */,
				8361D09E2103DBA2002BCAC9 /* Release */,
			);
			defaultConfigurationIsVisible = 0;
			defaultConfigurationName = Release;
		};
		8361D09F2103DBA2002BCAC9 /* Build configuration list for PBXNativeTarget "Grocery" */ = {
			isa = XCConfigurationList;
			buildConfigurations = (
				8361D0A02103DBA2002BCAC9 /* Debug */,
				8361D0A12103DBA2002BCAC9 /* Release */,
			);
			defaultConfigurationIsVisible = 0;
			defaultConfigurationName = Release;
		};
/* End XCConfigurationList section */
	};
	rootObject = 8361D0852103DBA1002BCAC9 /* Project object */;
}
